
Microsoft Visual Studio Solution File, Format Version 12.00
# Visual Studio 15
VisualStudioVersion = 15.0.27130.2003
MinimumVisualStudioVersion = 10.0.40219.1
Project("{9A19103F-16F7-4668-BE54-9A1E7A4F7556}") = "Digimarc.NTiff", "Digimarc.NTiff\Digimarc.NTiff.csproj", "{14D235C6-5F02-41C5-A756-D42451A66A02}"
EndProject
Project("{9A19103F-16F7-4668-BE54-9A1E7A4F7556}") = "Digimarc.NTiff.Test", "Digimarc.NTiff.Test\Digimarc.NTiff.Test.csproj", "{BEC37FAA-E16A-48F3-BC16-657AB9927C91}"
EndProject
Project("{9A19103F-16F7-4668-BE54-9A1E7A4F7556}") = "Digimarc.NTiffTool", "Digimarc.NTiffTool\Digimarc.NTiffTool.csproj", "{1F4DCDC8-7E3E-4B76-93E7-402A4F92D7E3}"
EndProject
Global
	GlobalSection(SolutionConfigurationPlatforms) = preSolution
		Debug|Any CPU = Debug|Any CPU
		Release|Any CPU = Release|Any CPU
	EndGlobalSection
	GlobalSection(ProjectConfigurationPlatforms) = postSolution
		{14D235C6-5F02-41C5-A756-D42451A66A02}.Debug|Any CPU.ActiveCfg = Debug|Any CPU
		{14D235C6-5F02-41C5-A756-D42451A66A02}.Debug|Any CPU.Build.0 = Debug|Any CPU
		{14D235C6-5F02-41C5-A756-D42451A66A02}.Release|Any CPU.ActiveCfg = Release|Any CPU
		{14D235C6-5F02-41C5-A756-D42451A66A02}.Release|Any CPU.Build.0 = Release|Any CPU
		{BEC37FAA-E16A-48F3-BC16-657AB9927C91}.Debug|Any CPU.ActiveCfg = Debug|Any CPU
		{BEC37FAA-E16A-48F3-BC16-657AB9927C91}.Debug|Any CPU.Build.0 = Debug|Any CPU
		{BEC37FAA-E16A-48F3-BC16-657AB9927C91}.Release|Any CPU.ActiveCfg = Release|Any CPU
		{BEC37FAA-E16A-48F3-BC16-657AB9927C91}.Release|Any CPU.Build.0 = Release|Any CPU
		{1F4DCDC8-7E3E-4B76-93E7-402A4F92D7E3}.Debug|Any CPU.ActiveCfg = Debug|Any CPU
		{1F4DCDC8-7E3E-4B76-93E7-402A4F92D7E3}.Debug|Any CPU.Build.0 = Debug|Any CPU
		{1F4DCDC8-7E3E-4B76-93E7-402A4F92D7E3}.Release|Any CPU.ActiveCfg = Release|Any CPU
		{1F4DCDC8-7E3E-4B76-93E7-402A4F92D7E3}.Release|Any CPU.Build.0 = Release|Any CPU
	EndGlobalSection
	GlobalSection(SolutionProperties) = preSolution
		HideSolutionNode = FALSE
	EndGlobalSection
	GlobalSection(ExtensibilityGlobals) = postSolution
		SolutionGuid = {E0F7B387-DFB6-4C62-95AA-5A2295762B53}
	EndGlobalSection
EndGlobal
